
Microsoft Visual Studio Solution File, Format Version 12.00
# Visual Studio 2013
VisualStudioVersion = 12.0.31101.0
MinimumVisualStudioVersion = 10.0.40219.1
Project("{8BC9CEB8-8B4A-11D0-8D11-00A0C91BC942}") = "yfOpenGLES3", "yfOpenGLES3\yfOpenGLES3.vcxproj", "{B7B709F4-EEE1-4F53-8389-176DFB41586C}"
EndProject
Project("{8BC9CEB8-8B4A-11D0-8D11-00A0C91BC942}") = "VertexArrayObjects", "VertexArrayObjects\VertexArrayObjects.vcxproj", "{F7127A41-966A-30E9-AEAD-63EB6952371D}"
EndProject
Project("{8BC9CEB8-8B4A-11D0-8D11-00A0C91BC942}") = "Instancing", "Instancing\Instancing.vcxproj", "{E2BB869B-D6F4-35CF-B809-5F63E1FA28FA}"
EndProject
Global
	GlobalSection(SolutionConfigurationPlatforms) = preSolution
		Debug|Win32 = Debug|Win32
		MinSizeRel|Win32 = MinSizeRel|Win32
		Release|Win32 = Release|Win32
		RelWithDebInfo|Win32 = RelWithDebInfo|Win32
	EndGlobalSection
	GlobalSection(ProjectConfigurationPlatforms) = postSolution
		{B7B709F4-EEE1-4F53-8389-176DFB41586C}.Debug|Win32.ActiveCfg = Debug|Win32
		{B7B709F4-EEE1-4F53-8389-176DFB41586C}.Debug|Win32.Build.0 = Debug|Win32
		{B7B709F4-EEE1-4F53-8389-176DFB41586C}.MinSizeRel|Win32.ActiveCfg = Release|Win32
		{B7B709F4-EEE1-4F53-8389-176DFB41586C}.MinSizeRel|Win32.Build.0 = Release|Win32
		{B7B709F4-EEE1-4F53-8389-176DFB41586C}.Release|Win32.ActiveCfg = Release|Win32
		{B7B709F4-EEE1-4F53-8389-176DFB41586C}.Release|Win32.Build.0 = Release|Win32
		{B7B709F4-EEE1-4F53-8389-176DFB41586C}.RelWithDebInfo|Win32.ActiveCfg = Release|Win32
		{B7B709F4-EEE1-4F53-8389-176DFB41586C}.RelWithDebInfo|Win32.Build.0 = Release|Win32
		{F7127A41-966A-30E9-AEAD-63EB6952371D}.Debug|Win32.ActiveCfg = Debug|Win32
		{F7127A41-966A-30E9-AEAD-63EB6952371D}.Debug|Win32.Build.0 = Debug|Win32
		{F7127A41-966A-30E9-AEAD-63EB6952371D}.MinSizeRel|Win32.ActiveCfg = MinSizeRel|Win32
		{F7127A41-966A-30E9-AEAD-63EB6952371D}.MinSizeRel|Win32.Build.0 = MinSizeRel|Win32
		{F7127A41-966A-30E9-AEAD-63EB6952371D}.Release|Win32.ActiveCfg = Release|Win32
		{F7127A41-966A-30E9-AEAD-63EB6952371D}.Release|Win32.Build.0 = Release|Win32
		{F7127A41-966A-30E9-AEAD-63EB6952371D}.RelWithDebInfo|Win32.ActiveCfg = RelWithDebInfo|Win32
		{F7127A41-966A-30E9-AEAD-63EB6952371D}.RelWithDebInfo|Win32.Build.0 = RelWithDebInfo|Win32
		{E2BB869B-D6F4-35CF-B809-5F63E1FA28FA}.Debug|Win32.ActiveCfg = Debug|Win32
		{E2BB869B-D6F4-35CF-B809-5F63E1FA28FA}.Debug|Win32.Build.0 = Debug|Win32
		{E2BB869B-D6F4-35CF-B809-5F63E1FA28FA}.MinSizeRel|Win32.ActiveCfg = MinSizeRel|Win32
		{E2BB869B-D6F4-35CF-B809-5F63E1FA28FA}.MinSizeRel|Win32.Build.0 = MinSizeRel|Win32
		{E2BB869B-D6F4-35CF-B809-5F63E1FA28FA}.Release|Win32.ActiveCfg = Release|Win32
		{E2BB869B-D6F4-35CF-B809-5F63E1FA28FA}.Release|Win32.Build.0 = Release|Win32
		{E2BB869B-D6F4-35CF-B809-5F63E1FA28FA}.RelWithDebInfo|Win32.ActiveCfg = RelWithDebInfo|Win32
		{E2BB869B-D6F4-35CF-B809-5F63E1FA28FA}.RelWithDebInfo|Win32.Build.0 = RelWithDebInfo|Win32
	EndGlobalSection
	GlobalSection(SolutionProperties) = preSolution
		HideSolutionNode = FALSE
	EndGlobalSection
EndGlobal
